
Microsoft Visual Studio Solution File, Format Version 12.00
# Visual Studio 15
VisualStudioVersion = 15.0.27130.2003
MinimumVisualStudioVersion = 10.0.40219.1
Project("{9A19103F-16F7-4668-BE54-9A1E7A4F7556}") = "ReportService", "ReportService\ReportService.csproj", "{231E862D-6509-4701-B706-B7E17887C9B2}"
EndProject
Project("{E53339B2-1760-4266-BCC7-CA923CBCF16C}") = "docker-compose", "docker-compose.dcproj", "{CA96146C-735D-4388-BCB2-CDEF1564E951}"
EndProject
Project("{9A19103F-16F7-4668-BE54-9A1E7A4F7556}") = "Report.Data", "Report.Data\Report.Data.csproj", "{12187A25-810E-405D-88C0-AA0E4C09F3FA}"
EndProject
Project("{9A19103F-16F7-4668-BE54-9A1E7A4F7556}") = "Report.Model", "Report.Model\Report.Model.csproj", "{D8C22D17-97F7-4447-8E44-8B2302A1DA91}"
EndProject
Project("{9A19103F-16F7-4668-BE54-9A1E7A4F7556}") = "Report.BL", "Report.BL\Report.BL.csproj", "{E050E54E-6420-4153-96FD-4A0DC4397869}"
EndProject
Project("{FAE04EC0-301F-11D3-BF4B-00C04F79EFBC}") = "Report.Tests", "Report.Tests\Report.Tests.csproj", "{9F0CAB18-B517-4CF5-BBCA-66B980F5CEC1}"
EndProject
Global
	GlobalSection(SolutionConfigurationPlatforms) = preSolution
		Debug|Any CPU = Debug|Any CPU
		Release|Any CPU = Release|Any CPU
	EndGlobalSection
	GlobalSection(ProjectConfigurationPlatforms) = postSolution
		{231E862D-6509-4701-B706-B7E17887C9B2}.Debug|Any CPU.ActiveCfg = Debug|Any CPU
		{231E862D-6509-4701-B706-B7E17887C9B2}.Debug|Any CPU.Build.0 = Debug|Any CPU
		{231E862D-6509-4701-B706-B7E17887C9B2}.Release|Any CPU.ActiveCfg = Release|Any CPU
		{231E862D-6509-4701-B706-B7E17887C9B2}.Release|Any CPU.Build.0 = Release|Any CPU
		{CA96146C-735D-4388-BCB2-CDEF1564E951}.Debug|Any CPU.ActiveCfg = Debug|Any CPU
		{CA96146C-735D-4388-BCB2-CDEF1564E951}.Debug|Any CPU.Build.0 = Debug|Any CPU
		{CA96146C-735D-4388-BCB2-CDEF1564E951}.Release|Any CPU.ActiveCfg = Release|Any CPU
		{CA96146C-735D-4388-BCB2-CDEF1564E951}.Release|Any CPU.Build.0 = Release|Any CPU
		{12187A25-810E-405D-88C0-AA0E4C09F3FA}.Debug|Any CPU.ActiveCfg = Debug|Any CPU
		{12187A25-810E-405D-88C0-AA0E4C09F3FA}.Debug|Any CPU.Build.0 = Debug|Any CPU
		{12187A25-810E-405D-88C0-AA0E4C09F3FA}.Release|Any CPU.ActiveCfg = Release|Any CPU
		{12187A25-810E-405D-88C0-AA0E4C09F3FA}.Release|Any CPU.Build.0 = Release|Any CPU
		{D8C22D17-97F7-4447-8E44-8B2302A1DA91}.Debug|Any CPU.ActiveCfg = Debug|Any CPU
		{D8C22D17-97F7-4447-8E44-8B2302A1DA91}.Debug|Any CPU.Build.0 = Debug|Any CPU
		{D8C22D17-97F7-4447-8E44-8B2302A1DA91}.Release|Any CPU.ActiveCfg = Release|Any CPU
		{D8C22D17-97F7-4447-8E44-8B2302A1DA91}.Release|Any CPU.Build.0 = Release|Any CPU
		{E050E54E-6420-4153-96FD-4A0DC4397869}.Debug|Any CPU.ActiveCfg = Debug|Any CPU
		{E050E54E-6420-4153-96FD-4A0DC4397869}.Debug|Any CPU.Build.0 = Debug|Any CPU
		{E050E54E-6420-4153-96FD-4A0DC4397869}.Release|Any CPU.ActiveCfg = Release|Any CPU
		{E050E54E-6420-4153-96FD-4A0DC4397869}.Release|Any CPU.Build.0 = Release|Any CPU
		{9F0CAB18-B517-4CF5-BBCA-66B980F5CEC1}.Debug|Any CPU.ActiveCfg = Debug|Any CPU
		{9F0CAB18-B517-4CF5-BBCA-66B980F5CEC1}.Debug|Any CPU.Build.0 = Debug|Any CPU
		{9F0CAB18-B517-4CF5-BBCA-66B980F5CEC1}.Release|Any CPU.ActiveCfg = Release|Any CPU
		{9F0CAB18-B517-4CF5-BBCA-66B980F5CEC1}.Release|Any CPU.Build.0 = Release|Any CPU
	EndGlobalSection
	GlobalSection(SolutionProperties) = preSolution
		HideSolutionNode = FALSE
	EndGlobalSection
	GlobalSection(ExtensibilityGlobals) = postSolution
		SolutionGuid = {E26DB0C9-2B15-41D5-8297-1D5A67E43BEB}
	EndGlobalSection
EndGlobal
